
Microsoft Visual Studio Solution File, Format Version 12.00
# Visual Studio Version 16
VisualStudioVersion = 16.0.29411.108
MinimumVisualStudioVersion = 10.0.40219.1
Project("{9A19103F-16F7-4668-BE54-9A1E7A4F7556}") = "SimuladorAbonos", "SimuladorAbonos.csproj", "{00998384-B090-45D8-8F6C-135EDCF1D8F1}"
EndProject
Project("{9A19103F-16F7-4668-BE54-9A1E7A4F7556}") = "ActualizaUsuario", "..\..\Librerias\actualizausuario\ActualizaUsuario.csproj", "{43D4B069-ED12-4060-A1B2-EB7AA1F90C55}"
EndProject
Project("{9A19103F-16F7-4668-BE54-9A1E7A4F7556}") = "BibliotecaSimulador", "..\..\Librerias\bibliotecasimulador\BibliotecaSimulador\BibliotecaSimulador.csproj", "{14430D6B-7515-412D-9312-8051611392E1}"
EndProject
Project("{9A19103F-16F7-4668-BE54-9A1E7A4F7556}") = "LogicaSimulador", "..\..\Librerias\factoressmmc\LogicaSimulador.csproj", "{C4B0335C-2062-4A7D-A554-5EA7DD6EB6B6}"
EndProject
Project("{9A19103F-16F7-4668-BE54-9A1E7A4F7556}") = "MigracionSimulacionEventos", "..\..\Librerias\migracionsimulacioneventos\MigracionSimulacionEventos\MigracionSimulacionEventos.csproj", "{715247C4-A34A-4515-B70F-BCDFEAF064BC}"
EndProject
Project("{9A19103F-16F7-4668-BE54-9A1E7A4F7556}") = "ValidacionesTasasMercadeo", "..\..\Librerias\validacionestasasmercadeo\ValidacionesTasasMercadeo\ValidacionesTasasMercadeo.csproj", "{7EA974B5-7076-4823-B16D-E261CC351A0E}"
EndProject
Global
	GlobalSection(SolutionConfigurationPlatforms) = preSolution
		Debug|Any CPU = Debug|Any CPU
		Release|Any CPU = Release|Any CPU
	EndGlobalSection
	GlobalSection(ProjectConfigurationPlatforms) = postSolution
		{00998384-B090-45D8-8F6C-135EDCF1D8F1}.Debug|Any CPU.ActiveCfg = Debug|Any CPU
		{00998384-B090-45D8-8F6C-135EDCF1D8F1}.Debug|Any CPU.Build.0 = Debug|Any CPU
		{00998384-B090-45D8-8F6C-135EDCF1D8F1}.Release|Any CPU.ActiveCfg = Release|Any CPU
		{00998384-B090-45D8-8F6C-135EDCF1D8F1}.Release|Any CPU.Build.0 = Release|Any CPU
		{43D4B069-ED12-4060-A1B2-EB7AA1F90C55}.Debug|Any CPU.ActiveCfg = Debug|Any CPU
		{43D4B069-ED12-4060-A1B2-EB7AA1F90C55}.Debug|Any CPU.Build.0 = Debug|Any CPU
		{43D4B069-ED12-4060-A1B2-EB7AA1F90C55}.Release|Any CPU.ActiveCfg = Release|Any CPU
		{43D4B069-ED12-4060-A1B2-EB7AA1F90C55}.Release|Any CPU.Build.0 = Release|Any CPU
		{14430D6B-7515-412D-9312-8051611392E1}.Debug|Any CPU.ActiveCfg = Debug|Any CPU
		{14430D6B-7515-412D-9312-8051611392E1}.Debug|Any CPU.Build.0 = Debug|Any CPU
		{14430D6B-7515-412D-9312-8051611392E1}.Release|Any CPU.ActiveCfg = Release|Any CPU
		{14430D6B-7515-412D-9312-8051611392E1}.Release|Any CPU.Build.0 = Release|Any CPU
		{C4B0335C-2062-4A7D-A554-5EA7DD6EB6B6}.Debug|Any CPU.ActiveCfg = Debug|Any CPU
		{C4B0335C-2062-4A7D-A554-5EA7DD6EB6B6}.Debug|Any CPU.Build.0 = Debug|Any CPU
		{C4B0335C-2062-4A7D-A554-5EA7DD6EB6B6}.Release|Any CPU.ActiveCfg = Release|Any CPU
		{C4B0335C-2062-4A7D-A554-5EA7DD6EB6B6}.Release|Any CPU.Build.0 = Release|Any CPU
		{715247C4-A34A-4515-B70F-BCDFEAF064BC}.Debug|Any CPU.ActiveCfg = Debug|Any CPU
		{715247C4-A34A-4515-B70F-BCDFEAF064BC}.Debug|Any CPU.Build.0 = Debug|Any CPU
		{715247C4-A34A-4515-B70F-BCDFEAF064BC}.Release|Any CPU.ActiveCfg = Release|Any CPU
		{715247C4-A34A-4515-B70F-BCDFEAF064BC}.Release|Any CPU.Build.0 = Release|Any CPU
		{7EA974B5-7076-4823-B16D-E261CC351A0E}.Debug|Any CPU.ActiveCfg = Debug|Any CPU
		{7EA974B5-7076-4823-B16D-E261CC351A0E}.Debug|Any CPU.Build.0 = Debug|Any CPU
		{7EA974B5-7076-4823-B16D-E261CC351A0E}.Release|Any CPU.ActiveCfg = Release|Any CPU
		{7EA974B5-7076-4823-B16D-E261CC351A0E}.Release|Any CPU.Build.0 = Release|Any CPU
	EndGlobalSection
	GlobalSection(SolutionProperties) = preSolution
		HideSolutionNode = FALSE
	EndGlobalSection
	GlobalSection(ExtensibilityGlobals) = postSolution
		SolutionGuid = {8BEF82B7-47D3-41DF-B3BB-AC437174BBDE}
	EndGlobalSection
EndGlobal
